
Microsoft Visual Studio Solution File, Format Version 12.00
# Visual Studio 15
VisualStudioVersion = 15.0.28010.2046
MinimumVisualStudioVersion = 10.0.40219.1
Project("{8BC9CEB8-8B4A-11D0-8D11-00A0C91BC942}") = "HW", "HW\HW.vcxproj", "{B3CC881C-D7C7-4090-8470-B92EDEB0C51F}"
EndProject
Global
	GlobalSection(SolutionConfigurationPlatforms) = preSolution
		Debug|x64 = Debug|x64
		Debug|x86 = Debug|x86
		Release|x64 = Release|x64
		Release|x86 = Release|x86
	EndGlobalSection
	GlobalSection(ProjectConfigurationPlatforms) = postSolution
		{B3CC881C-D7C7-4090-8470-B92EDEB0C51F}.Debug|x64.ActiveCfg = Debug|x64
		{B3CC881C-D7C7-4090-8470-B92EDEB0C51F}.Debug|x64.Build.0 = Debug|x64
		{B3CC881C-D7C7-4090-8470-B92EDEB0C51F}.Debug|x86.ActiveCfg = Debug|Win32
		{B3CC881C-D7C7-4090-8470-B92EDEB0C51F}.Debug|x86.Build.0 = Debug|Win32
		{B3CC881C-D7C7-4090-8470-B92EDEB0C51F}.Release|x64.ActiveCfg = Release|x64
		{B3CC881C-D7C7-4090-8470-B92EDEB0C51F}.Release|x64.Build.0 = Release|x64
		{B3CC881C-D7C7-4090-8470-B92EDEB0C51F}.Release|x86.ActiveCfg = Release|Win32
		{B3CC881C-D7C7-4090-8470-B92EDEB0C51F}.Release|x86.Build.0 = Release|Win32
	EndGlobalSection
	GlobalSection(SolutionProperties) = preSolution
		HideSolutionNode = FALSE
	EndGlobalSection
	GlobalSection(ExtensibilityGlobals) = postSolution
		SolutionGuid = {5B9FB2C7-ABA9-46A9-B524-90E5720478D1}
	EndGlobalSection
EndGlobal
